
Microsoft Visual Studio Solution File, Format Version 12.00
# Visual Studio Version 17
VisualStudioVersion = 17.1.32210.238
MinimumVisualStudioVersion = 10.0.40219.1
Project("{FAE04EC0-301F-11D3-BF4B-00C04F79EFBC}") = "File_IO", "File_IO\File_IO.csproj", "{688C9DEC-5245-4478-8904-7C95C7E42F06}"
EndProject
Global
	GlobalSection(SolutionConfigurationPlatforms) = preSolution
		Debug|Any CPU = Debug|Any CPU
		Release|Any CPU = Release|Any CPU
	EndGlobalSection
	GlobalSection(ProjectConfigurationPlatforms) = postSolution
		{688C9DEC-5245-4478-8904-7C95C7E42F06}.Debug|Any CPU.ActiveCfg = Debug|Any CPU
		{688C9DEC-5245-4478-8904-7C95C7E42F06}.Debug|Any CPU.Build.0 = Debug|Any CPU
		{688C9DEC-5245-4478-8904-7C95C7E42F06}.Release|Any CPU.ActiveCfg = Release|Any CPU
		{688C9DEC-5245-4478-8904-7C95C7E42F06}.Release|Any CPU.Build.0 = Release|Any CPU
	EndGlobalSection
	GlobalSection(SolutionProperties) = preSolution
		HideSolutionNode = FALSE
	EndGlobalSection
	GlobalSection(ExtensibilityGlobals) = postSolution
		SolutionGuid = {08517D0F-7A7C-434A-A1CA-F260224C1220}
	EndGlobalSection
EndGlobal
